// !$*UTF8*$!
{
	archiveVersion = 1;
	classes = {
	};
	objectVersion = 77;
	objects = {

/* Begin PBXBuildFile section */
		0AC6C2B3CB327F09B06B1B00 /* PasteService.swift in Sources */ = {isa = PBXBuildFile; fileRef = F076EA59373E5AF0467F7CE7 /* PasteService.swift */; };
		0DE7846A1D144D5E098E3A7F /* Extensions.swift in Sources */ = {isa = PBXBuildFile; fileRef = 96CFF8DA66DF5A1DA4713DD6 /* Extensions.swift */; };
		0F937A79BE9FA29700591F03 /* PaletteRowView.swift in Sources */ = {isa = PBXBuildFile; fileRef = A99DC7E8D7DC63A28BDD040C /* PaletteRowView.swift */; };
		114DDC956B345CCE52CA7B4E /* StorageManager.swift in Sources */ = {isa = PBXBuildFile; fileRef = F35F14E774F181A5B9016AC5 /* StorageManager.swift */; };
		174AADEBCD675DFA995A2532 /* AIActionCatalog.swift in Sources */ = {isa = PBXBuildFile; fileRef = D7206A5136EAA2FA17B0769F /* AIActionCatalog.swift */; };
		17F98FA97486C7AECFED45C1 /* SourceAppTracker.swift in Sources */ = {isa = PBXBuildFile; fileRef = 287126468190BE4D2B77F2E1 /* SourceAppTracker.swift */; };
		1F06A58942CB9CA04225F622 /* CardView.swift in Sources */ = {isa = PBXBuildFile; fileRef = B6868CD5130EA9827E102450 /* CardView.swift */; };
		2072CB128ACC1EC58C7A49AD /* SearchBarView.swift in Sources */ = {isa = PBXBuildFile; fileRef = AE97497721F2E9CA0CD7CC28 /* SearchBarView.swift */; };
		20D69FAB4630CB95BDD2D8F8 /* AIAvailability.swift in Sources */ = {isa = PBXBuildFile; fileRef = 22D6DD342B617E1D643A8566 /* AIAvailability.swift */; };
		264EF1CA7D509E15DA1615C7 /* TransformPreviewView.swift in Sources */ = {isa = PBXBuildFile; fileRef = F90217EF518269C1CBAE50A6 /* TransformPreviewView.swift */; };
		2857139028AD5700E389BA3E /* PastePaletteView.swift in Sources */ = {isa = PBXBuildFile; fileRef = 0A6D603CEE1D014561E57E40 /* PastePaletteView.swift */; };
		29F00CCC1E87E1C7C2D23BC7 /* CategoryTabsView.swift in Sources */ = {isa = PBXBuildFile; fileRef = 83B4AA3FED7FC435F657D8E0 /* CategoryTabsView.swift */; };
		30A75CBAAF5B50588DE1D80D /* NotchDropZone.swift in Sources */ = {isa = PBXBuildFile; fileRef = BBCE3EA6B7AEDCBB171BD0D5 /* NotchDropZone.swift */; };
		36481BB1EEA1CCF60BFB26E8 /* HotKeyManager.swift in Sources */ = {isa = PBXBuildFile; fileRef = ED4296A53A1E2C7E48D88C4C /* HotKeyManager.swift */; };
		373C2373EFAA936ED380D8CB /* NotchGlass.swift in Sources */ = {isa = PBXBuildFile; fileRef = CCF76D004ED56F916AD8C296 /* NotchGlass.swift */; };
		3F639E210FB93EB57B430539 /* VisualEffectBackground.swift in Sources */ = {isa = PBXBuildFile; fileRef = 943B2C2D3CA5CFA63A7D7A52 /* VisualEffectBackground.swift */; };
		480FEB2A6AB26FF55BCF8A6E /* PastePalettePanel.swift in Sources */ = {isa = PBXBuildFile; fileRef = 4129A3AECBFC1087BDA133AC /* PastePalettePanel.swift */; };
		4D6DEDFB2B057A0012761814 /* ClipboardMonitor.swift in Sources */ = {isa = PBXBuildFile; fileRef = 1418BC65740F2B1D071A0BBF /* ClipboardMonitor.swift */; };
		59A3DF5701C7A414C8D25B1F /* ContentClassifier.swift in Sources */ = {isa = PBXBuildFile; fileRef = D6ABD870442D237DC7E6EEE8 /* ContentClassifier.swift */; };
		5B4A25B7C005B4F4D725BA71 /* PrivacyInfo.xcprivacy in Resources */ = {isa = PBXBuildFile; fileRef = 73E28C51F95F0B827511C08A /* PrivacyInfo.xcprivacy */; };
		5D6E82DD833127074490547C /* BatchBarView.swift in Sources */ = {isa = PBXBuildFile; fileRef = F821853DA66F788DA48F42B9 /* BatchBarView.swift */; };
		645216C475B5D8CE55EE52F5 /* AIAction.swift in Sources */ = {isa = PBXBuildFile; fileRef = 558827C328D71D85C3944B10 /* AIAction.swift */; };
		68053E97950C23D8606F11F3 /* LibraryView.swift in Sources */ = {isa = PBXBuildFile; fileRef = 96BACECBD8735C04EE23D705 /* LibraryView.swift */; };
		6954873DBDC9DD2B7FDC4716 /* NotchShape.swift in Sources */ = {isa = PBXBuildFile; fileRef = 2A7EAF92CC17F0C779880655 /* NotchShape.swift */; };
		6F5CC21C5C7E2D2FA2E64270 /* ShelfController.swift in Sources */ = {isa = PBXBuildFile; fileRef = 69CEC534E91818607A44B950 /* ShelfController.swift */; };
		7613B9576A06E0C94A8B4540 /* Category.swift in Sources */ = {isa = PBXBuildFile; fileRef = 3407EA3AEF5AE4CB4B33D00D /* Category.swift */; };
		7A3FE0E9D7406D4B6E32DE4A /* Theme.swift in Sources */ = {isa = PBXBuildFile; fileRef = 71F365CAEF8881A0CADFEC95 /* Theme.swift */; };
		84E38099E84FD167B5D2CF21 /* AddPromptSheet.swift in Sources */ = {isa = PBXBuildFile; fileRef = C5D4795C8C56F0EC06CC1306 /* AddPromptSheet.swift */; };
		8AA29B4B4FBC562840503DA0 /* main.swift in Sources */ = {isa = PBXBuildFile; fileRef = AA658157B34CE1764CDEA9DA /* main.swift */; };
		8ACD2E254A53CEFBA5AC93CF /* ActionBarView.swift in Sources */ = {isa = PBXBuildFile; fileRef = 85146886663E69E1932ED686 /* ActionBarView.swift */; };
		8CAE01FDFDE514998E6ED863 /* AddCategorySheet.swift in Sources */ = {isa = PBXBuildFile; fileRef = 5114D33E7D43B0CAE0645F07 /* AddCategorySheet.swift */; };
		900D44A437EBC0508F635DEC /* CustomPrompt.swift in Sources */ = {isa = PBXBuildFile; fileRef = A27DBA2A8DCD7A8DB04C54D2 /* CustomPrompt.swift */; };
		93D83EA31BAEFA75A3E60C09 /* ClipFilter.swift in Sources */ = {isa = PBXBuildFile; fileRef = 9487713B56C72E26816F600C /* ClipFilter.swift */; };
		95699CBEF943C95880EBCFC6 /* ActionMenuView.swift in Sources */ = {isa = PBXBuildFile; fileRef = F7CFA20BDA986C0C54BBCB51 /* ActionMenuView.swift */; };
		A1E2F4CBDE2155682CE02687 /* Assets.xcassets in Resources */ = {isa = PBXBuildFile; fileRef = FDB99A7908A6CB2D7F0908C5 /* Assets.xcassets */; };
		A3564FD5C204E5AC6EC382E8 /* PaletteController.swift in Sources */ = {isa = PBXBuildFile; fileRef = C50341F9835F3792820708DF /* PaletteController.swift */; };
		A9EEC7601BCCC747C413DEE6 /* DropIngestor.swift in Sources */ = {isa = PBXBuildFile; fileRef = FDDB999969E106C50D9493F6 /* DropIngestor.swift */; };
		AA2F7A9741EA9B4B9778BCE0 /* ClipItemType.swift in Sources */ = {isa = PBXBuildFile; fileRef = D0F18E84B63093D5A127E5A6 /* ClipItemType.swift */; };
		B6CC199601E11ED0D686C5B6 /* FaviconLoader.swift in Sources */ = {isa = PBXBuildFile; fileRef = 0EA39CD59F5599A8890EF9B4 /* FaviconLoader.swift */; };
		B81F9490A6B859EC5A0A0054 /* ShelfPanel.swift in Sources */ = {isa = PBXBuildFile; fileRef = 58CA813BF491E22A53CDCE63 /* ShelfPanel.swift */; };
		BDC320E6FD7393662F0BA6D3 /* GeneratedOutputs.swift in Sources */ = {isa = PBXBuildFile; fileRef = 0EF5461F013DF94EAC695506 /* GeneratedOutputs.swift */; };
		C28EBE31277EEDECE62E6534 /* AIUsageTracker.swift in Sources */ = {isa = PBXBuildFile; fileRef = E44A6D916B1A0DC141D835EC /* AIUsageTracker.swift */; };
		C9FA28B136C9525BCDA20FE6 /* SettingsView.swift in Sources */ = {isa = PBXBuildFile; fileRef = 3479A52DEAC56B3579670817 /* SettingsView.swift */; };
		CB816E5FA22A3EC8DE6D1311 /* AIEngine.swift in Sources */ = {isa = PBXBuildFile; fileRef = ACF30F790F387A2EFC0EC49B /* AIEngine.swift */; };
		CDE6B43C3F1715D032C02B9A /* ShelfView.swift in Sources */ = {isa = PBXBuildFile; fileRef = B90D38E7DB7A141C7326257E /* ShelfView.swift */; };
		D6B77D99E9F1F6AE3A09547E /* Carbon.framework in Frameworks */ = {isa = PBXBuildFile; fileRef = 7962C1A000C871744DEA8749 /* Carbon.framework */; };
		DCCD5127C692C5EFB6A60389 /* FoundationModels.framework in Frameworks */ = {isa = PBXBuildFile; fileRef = E093A1163A684CE8F19B2AE4 /* FoundationModels.framework */; settings = {ATTRIBUTES = (Weak, ); }; };
		E0D569392AF757DBA985751B /* SensitiveDetector.swift in Sources */ = {isa = PBXBuildFile; fileRef = D016E57FB2934597C170CF2E /* SensitiveDetector.swift */; };
		E7BBADD588692CB5E450EF2D /* DetailPaneView.swift in Sources */ = {isa = PBXBuildFile; fileRef = 87C51D7A5A7D46C302086621 /* DetailPaneView.swift */; };
		EB84CE79910FC01D42F1F988 /* AIUnavailableView.swift in Sources */ = {isa = PBXBuildFile; fileRef = EC6B1855EAC056EB617C7CBF /* AIUnavailableView.swift */; };
		EE745FE071B4706E96821C0E /* AppDelegate.swift in Sources */ = {isa = PBXBuildFile; fileRef = 428B695C884D3BD8368763BF /* AppDelegate.swift */; };
		F1BC390E46593A0963033A12 /* ClipItem.swift in Sources */ = {isa = PBXBuildFile; fileRef = 14E55D73ABB5DF889B52DBE7 /* ClipItem.swift */; };
		F9727BAD3FCCA708279E7BDF /* SelectionService.swift in Sources */ = {isa = PBXBuildFile; fileRef = C9BEEC1F1545233884C84891 /* SelectionService.swift */; };
/* End PBXBuildFile section */

/* Begin PBXFileReference section */
		0A6D603CEE1D014561E57E40 /* PastePaletteView.swift */ = {isa = PBXFileReference; lastKnownFileType = sourcecode.swift; path = PastePaletteView.swift; sourceTree = "<group>"; };
		0EA39CD59F5599A8890EF9B4 /* FaviconLoader.swift */ = {isa = PBXFileReference; lastKnownFileType = sourcecode.swift; path = FaviconLoader.swift; sourceTree = "<group>"; };
		0EF5461F013DF94EAC695506 /* GeneratedOutputs.swift */ = {isa = PBXFileReference; lastKnownFileType = sourcecode.swift; path = GeneratedOutputs.swift; sourceTree = "<group>"; };
		1418BC65740F2B1D071A0BBF /* ClipboardMonitor.swift */ = {isa = PBXFileReference; lastKnownFileType = sourcecode.swift; path = ClipboardMonitor.swift; sourceTree = "<group>"; };
		14E55D73ABB5DF889B52DBE7 /* ClipItem.swift */ = {isa = PBXFileReference; lastKnownFileType = sourcecode.swift; path = ClipItem.swift; sourceTree = "<group>"; };
		22D6DD342B617E1D643A8566 /* AIAvailability.swift */ = {isa = PBXFileReference; lastKnownFileType = sourcecode.swift; path = AIAvailability.swift; sourceTree = "<group>"; };
		25D03798180281E5E50877C7 /* ClippyManager.app */ = {isa = PBXFileReference; explicitFileType = wrapper.application; includeInIndex = 0; path = ClippyManager.app; sourceTree = BUILT_PRODUCTS_DIR; };
		287126468190BE4D2B77F2E1 /* SourceAppTracker.swift */ = {isa = PBXFileReference; lastKnownFileType = sourcecode.swift; path = SourceAppTracker.swift; sourceTree = "<group>"; };
		2A7EAF92CC17F0C779880655 /* NotchShape.swift */ = {isa = PBXFileReference; lastKnownFileType = sourcecode.swift; path = NotchShape.swift; sourceTree = "<group>"; };
		3407EA3AEF5AE4CB4B33D00D /* Category.swift */ = {isa = PBXFileReference; lastKnownFileType = sourcecode.swift; path = Category.swift; sourceTree = "<group>"; };
		3479A52DEAC56B3579670817 /* SettingsView.swift */ = {isa = PBXFileReference; lastKnownFileType = sourcecode.swift; path = SettingsView.swift; sourceTree = "<group>"; };
		4129A3AECBFC1087BDA133AC /* PastePalettePanel.swift */ = {isa = PBXFileReference; lastKnownFileType = sourcecode.swift; path = PastePalettePanel.swift; sourceTree = "<group>"; };
		428B695C884D3BD8368763BF /* AppDelegate.swift */ = {isa = PBXFileReference; lastKnownFileType = sourcecode.swift; path = AppDelegate.swift; sourceTree = "<group>"; };
		5114D33E7D43B0CAE0645F07 /* AddCategorySheet.swift */ = {isa = PBXFileReference; lastKnownFileType = sourcecode.swift; path = AddCategorySheet.swift; sourceTree = "<group>"; };
		558827C328D71D85C3944B10 /* AIAction.swift */ = {isa = PBXFileReference; lastKnownFileType = sourcecode.swift; path = AIAction.swift; sourceTree = "<group>"; };
		58CA813BF491E22A53CDCE63 /* ShelfPanel.swift */ = {isa = PBXFileReference; lastKnownFileType = sourcecode.swift; path = ShelfPanel.swift; sourceTree = "<group>"; };
		69CEC534E91818607A44B950 /* ShelfController.swift */ = {isa = PBXFileReference; lastKnownFileType = sourcecode.swift; path = ShelfController.swift; sourceTree = "<group>"; };
		71F365CAEF8881A0CADFEC95 /* Theme.swift */ = {isa = PBXFileReference; lastKnownFileType = sourcecode.swift; path = Theme.swift; sourceTree = "<group>"; };
		73E28C51F95F0B827511C08A /* PrivacyInfo.xcprivacy */ = {isa = PBXFileReference; lastKnownFileType = text.xml; path = PrivacyInfo.xcprivacy; sourceTree = "<group>"; };
		7962C1A000C871744DEA8749 /* Carbon.framework */ = {isa = PBXFileReference; lastKnownFileType = wrapper.framework; name = Carbon.framework; path = System/Library/Frameworks/Carbon.framework; sourceTree = SDKROOT; };
		83B4AA3FED7FC435F657D8E0 /* CategoryTabsView.swift */ = {isa = PBXFileReference; lastKnownFileType = sourcecode.swift; path = CategoryTabsView.swift; sourceTree = "<group>"; };
		85146886663E69E1932ED686 /* ActionBarView.swift */ = {isa = PBXFileReference; lastKnownFileType = sourcecode.swift; path = ActionBarView.swift; sourceTree = "<group>"; };
		87C51D7A5A7D46C302086621 /* DetailPaneView.swift */ = {isa = PBXFileReference; lastKnownFileType = sourcecode.swift; path = DetailPaneView.swift; sourceTree = "<group>"; };
		943B2C2D3CA5CFA63A7D7A52 /* VisualEffectBackground.swift */ = {isa = PBXFileReference; lastKnownFileType = sourcecode.swift; path = VisualEffectBackground.swift; sourceTree = "<group>"; };
		9487713B56C72E26816F600C /* ClipFilter.swift */ = {isa = PBXFileReference; lastKnownFileType = sourcecode.swift; path = ClipFilter.swift; sourceTree = "<group>"; };
		96BACECBD8735C04EE23D705 /* LibraryView.swift */ = {isa = PBXFileReference; lastKnownFileType = sourcecode.swift; path = LibraryView.swift; sourceTree = "<group>"; };
		96CFF8DA66DF5A1DA4713DD6 /* Extensions.swift */ = {isa = PBXFileReference; lastKnownFileType = sourcecode.swift; path = Extensions.swift; sourceTree = "<group>"; };
		A27DBA2A8DCD7A8DB04C54D2 /* CustomPrompt.swift */ = {isa = PBXFileReference; lastKnownFileType = sourcecode.swift; path = CustomPrompt.swift; sourceTree = "<group>"; };
		A99DC7E8D7DC63A28BDD040C /* PaletteRowView.swift */ = {isa = PBXFileReference; lastKnownFileType = sourcecode.swift; path = PaletteRowView.swift; sourceTree = "<group>"; };
		AA658157B34CE1764CDEA9DA /* main.swift */ = {isa = PBXFileReference; lastKnownFileType = sourcecode.swift; path = main.swift; sourceTree = "<group>"; };
		ACF30F790F387A2EFC0EC49B /* AIEngine.swift */ = {isa = PBXFileReference; lastKnownFileType = sourcecode.swift; path = AIEngine.swift; sourceTree = "<group>"; };
		AE97497721F2E9CA0CD7CC28 /* SearchBarView.swift */ = {isa = PBXFileReference; lastKnownFileType = sourcecode.swift; path = SearchBarView.swift; sourceTree = "<group>"; };
		B6868CD5130EA9827E102450 /* CardView.swift */ = {isa = PBXFileReference; lastKnownFileType = sourcecode.swift; path = CardView.swift; sourceTree = "<group>"; };
		B90D38E7DB7A141C7326257E /* ShelfView.swift */ = {isa = PBXFileReference; lastKnownFileType = sourcecode.swift; path = ShelfView.swift; sourceTree = "<group>"; };
		BBCE3EA6B7AEDCBB171BD0D5 /* NotchDropZone.swift */ = {isa = PBXFileReference; lastKnownFileType = sourcecode.swift; path = NotchDropZone.swift; sourceTree = "<group>"; };
		C50341F9835F3792820708DF /* PaletteController.swift */ = {isa = PBXFileReference; lastKnownFileType = sourcecode.swift; path = PaletteController.swift; sourceTree = "<group>"; };
		C5D4795C8C56F0EC06CC1306 /* AddPromptSheet.swift */ = {isa = PBXFileReference; lastKnownFileType = sourcecode.swift; path = AddPromptSheet.swift; sourceTree = "<group>"; };
		C9BEEC1F1545233884C84891 /* SelectionService.swift */ = {isa = PBXFileReference; lastKnownFileType = sourcecode.swift; path = SelectionService.swift; sourceTree = "<group>"; };
		CCF76D004ED56F916AD8C296 /* NotchGlass.swift */ = {isa = PBXFileReference; lastKnownFileType = sourcecode.swift; path = NotchGlass.swift; sourceTree = "<group>"; };
		D016E57FB2934597C170CF2E /* SensitiveDetector.swift */ = {isa = PBXFileReference; lastKnownFileType = sourcecode.swift; path = SensitiveDetector.swift; sourceTree = "<group>"; };
		D0F18E84B63093D5A127E5A6 /* ClipItemType.swift */ = {isa = PBXFileReference; lastKnownFileType = sourcecode.swift; path = ClipItemType.swift; sourceTree = "<group>"; };
		D6ABD870442D237DC7E6EEE8 /* ContentClassifier.swift */ = {isa = PBXFileReference; lastKnownFileType = sourcecode.swift; path = ContentClassifier.swift; sourceTree = "<group>"; };
		D7206A5136EAA2FA17B0769F /* AIActionCatalog.swift */ = {isa = PBXFileReference; lastKnownFileType = sourcecode.swift; path = AIActionCatalog.swift; sourceTree = "<group>"; };
		E093A1163A684CE8F19B2AE4 /* FoundationModels.framework */ = {isa = PBXFileReference; lastKnownFileType = wrapper.framework; name = FoundationModels.framework; path = System/Library/Frameworks/FoundationModels.framework; sourceTree = SDKROOT; };
		E44A6D916B1A0DC141D835EC /* AIUsageTracker.swift */ = {isa = PBXFileReference; lastKnownFileType = sourcecode.swift; path = AIUsageTracker.swift; sourceTree = "<group>"; };
		EC6B1855EAC056EB617C7CBF /* AIUnavailableView.swift */ = {isa = PBXFileReference; lastKnownFileType = sourcecode.swift; path = AIUnavailableView.swift; sourceTree = "<group>"; };
		ED4296A53A1E2C7E48D88C4C /* HotKeyManager.swift */ = {isa = PBXFileReference; lastKnownFileType = sourcecode.swift; path = HotKeyManager.swift; sourceTree = "<group>"; };
		F076EA59373E5AF0467F7CE7 /* PasteService.swift */ = {isa = PBXFileReference; lastKnownFileType = sourcecode.swift; path = PasteService.swift; sourceTree = "<group>"; };
		F35F14E774F181A5B9016AC5 /* StorageManager.swift */ = {isa = PBXFileReference; lastKnownFileType = sourcecode.swift; path = StorageManager.swift; sourceTree = "<group>"; };
		F7CFA20BDA986C0C54BBCB51 /* ActionMenuView.swift */ = {isa = PBXFileReference; lastKnownFileType = sourcecode.swift; path = ActionMenuView.swift; sourceTree = "<group>"; };
		F821853DA66F788DA48F42B9 /* BatchBarView.swift */ = {isa = PBXFileReference; lastKnownFileType = sourcecode.swift; path = BatchBarView.swift; sourceTree = "<group>"; };
		F90217EF518269C1CBAE50A6 /* TransformPreviewView.swift */ = {isa = PBXFileReference; lastKnownFileType = sourcecode.swift; path = TransformPreviewView.swift; sourceTree = "<group>"; };
		FDB99A7908A6CB2D7F0908C5 /* Assets.xcassets */ = {isa = PBXFileReference; lastKnownFileType = folder.assetcatalog; path = Assets.xcassets; sourceTree = "<group>"; };
		FDDB999969E106C50D9493F6 /* DropIngestor.swift */ = {isa = PBXFileReference; lastKnownFileType = sourcecode.swift; path = DropIngestor.swift; sourceTree = "<group>"; };
/* End PBXFileReference section */

/* Begin PBXFrameworksBuildPhase section */
		A0CA2C56A1D2C6FF960FC5F3 /* Frameworks */ = {
			isa = PBXFrameworksBuildPhase;
			buildActionMask = 2147483647;
			files = (
				D6B77D99E9F1F6AE3A09547E /* Carbon.framework in Frameworks */,
				DCCD5127C692C5EFB6A60389 /* FoundationModels.framework in Frameworks */,
			);
			runOnlyForDeploymentPostprocessing = 0;
		};
/* End PBXFrameworksBuildPhase section */

/* Begin PBXGroup section */
		2EE90599C6419B556CF4FF59 /* Views */ = {
			isa = PBXGroup;
			children = (
				5114D33E7D43B0CAE0645F07 /* AddCategorySheet.swift */,
				C5D4795C8C56F0EC06CC1306 /* AddPromptSheet.swift */,
				B6868CD5130EA9827E102450 /* CardView.swift */,
				83B4AA3FED7FC435F657D8E0 /* CategoryTabsView.swift */,
				87C51D7A5A7D46C302086621 /* DetailPaneView.swift */,
				96BACECBD8735C04EE23D705 /* LibraryView.swift */,
				CCF76D004ED56F916AD8C296 /* NotchGlass.swift */,
				AE97497721F2E9CA0CD7CC28 /* SearchBarView.swift */,
				3479A52DEAC56B3579670817 /* SettingsView.swift */,
				69CEC534E91818607A44B950 /* ShelfController.swift */,
				B90D38E7DB7A141C7326257E /* ShelfView.swift */,
				71F365CAEF8881A0CADFEC95 /* Theme.swift */,
				943B2C2D3CA5CFA63A7D7A52 /* VisualEffectBackground.swift */,
				35EC6AD24EEDAE5B94C2FB02 /* Palette */,
			);
			path = Views;
			sourceTree = "<group>";
		};
		30C5F7FBB264DDE93648315B /* ClippyManager */ = {
			isa = PBXGroup;
			children = (
				428B695C884D3BD8368763BF /* AppDelegate.swift */,
				AA658157B34CE1764CDEA9DA /* main.swift */,
				4CE62F1A66E8E8C70F0FD3ED /* Extensions */,
				A1E55E9D98501B23E3CA47A5 /* Models */,
				E4BC87FEBD43C189BA02914B /* Resources */,
				F96A63FC7A1FB86B083ED1F6 /* Services */,
				2EE90599C6419B556CF4FF59 /* Views */,
				57EBBDE1A8278942F65375D8 /* Windows */,
			);
			path = ClippyManager;
			sourceTree = "<group>";
		};
		35EC6AD24EEDAE5B94C2FB02 /* Palette */ = {
			isa = PBXGroup;
			children = (
				85146886663E69E1932ED686 /* ActionBarView.swift */,
				F7CFA20BDA986C0C54BBCB51 /* ActionMenuView.swift */,
				EC6B1855EAC056EB617C7CBF /* AIUnavailableView.swift */,
				F821853DA66F788DA48F42B9 /* BatchBarView.swift */,
				2A7EAF92CC17F0C779880655 /* NotchShape.swift */,
				C50341F9835F3792820708DF /* PaletteController.swift */,
				A99DC7E8D7DC63A28BDD040C /* PaletteRowView.swift */,
				0A6D603CEE1D014561E57E40 /* PastePaletteView.swift */,
				F90217EF518269C1CBAE50A6 /* TransformPreviewView.swift */,
			);
			path = Palette;
			sourceTree = "<group>";
		};
		426CC2527D0DB2F833569F52 /* AI */ = {
			isa = PBXGroup;
			children = (
				558827C328D71D85C3944B10 /* AIAction.swift */,
				D7206A5136EAA2FA17B0769F /* AIActionCatalog.swift */,
				22D6DD342B617E1D643A8566 /* AIAvailability.swift */,
				ACF30F790F387A2EFC0EC49B /* AIEngine.swift */,
				E44A6D916B1A0DC141D835EC /* AIUsageTracker.swift */,
				0EF5461F013DF94EAC695506 /* GeneratedOutputs.swift */,
			);
			path = AI;
			sourceTree = "<group>";
		};
		4CE62F1A66E8E8C70F0FD3ED /* Extensions */ = {
			isa = PBXGroup;
			children = (
				96CFF8DA66DF5A1DA4713DD6 /* Extensions.swift */,
			);
			path = Extensions;
			sourceTree = "<group>";
		};
		57EBBDE1A8278942F65375D8 /* Windows */ = {
			isa = PBXGroup;
			children = (
				BBCE3EA6B7AEDCBB171BD0D5 /* NotchDropZone.swift */,
				4129A3AECBFC1087BDA133AC /* PastePalettePanel.swift */,
				58CA813BF491E22A53CDCE63 /* ShelfPanel.swift */,
			);
			path = Windows;
			sourceTree = "<group>";
		};
		A1D80A2E389DEAE4B0714DD0 = {
			isa = PBXGroup;
			children = (
				30C5F7FBB264DDE93648315B /* ClippyManager */,
				B539159369B22D14E1C806CC /* Frameworks */,
				B63C3B9123B68B80B05BF834 /* Products */,
			);
			sourceTree = "<group>";
		};
		A1E55E9D98501B23E3CA47A5 /* Models */ = {
			isa = PBXGroup;
			children = (
				3407EA3AEF5AE4CB4B33D00D /* Category.swift */,
				14E55D73ABB5DF889B52DBE7 /* ClipItem.swift */,
				D0F18E84B63093D5A127E5A6 /* ClipItemType.swift */,
				A27DBA2A8DCD7A8DB04C54D2 /* CustomPrompt.swift */,
			);
			path = Models;
			sourceTree = "<group>";
		};
		B539159369B22D14E1C806CC /* Frameworks */ = {
			isa = PBXGroup;
			children = (
				7962C1A000C871744DEA8749 /* Carbon.framework */,
				E093A1163A684CE8F19B2AE4 /* FoundationModels.framework */,
			);
			name = Frameworks;
			sourceTree = "<group>";
		};
		B63C3B9123B68B80B05BF834 /* Products */ = {
			isa = PBXGroup;
			children = (
				25D03798180281E5E50877C7 /* ClippyManager.app */,
			);
			name = Products;
			sourceTree = "<group>";
		};
		E4BC87FEBD43C189BA02914B /* Resources */ = {
			isa = PBXGroup;
			children = (
				FDB99A7908A6CB2D7F0908C5 /* Assets.xcassets */,
				73E28C51F95F0B827511C08A /* PrivacyInfo.xcprivacy */,
			);
			path = Resources;
			sourceTree = "<group>";
		};
		F96A63FC7A1FB86B083ED1F6 /* Services */ = {
			isa = PBXGroup;
			children = (
				1418BC65740F2B1D071A0BBF /* ClipboardMonitor.swift */,
				9487713B56C72E26816F600C /* ClipFilter.swift */,
				D6ABD870442D237DC7E6EEE8 /* ContentClassifier.swift */,
				FDDB999969E106C50D9493F6 /* DropIngestor.swift */,
				0EA39CD59F5599A8890EF9B4 /* FaviconLoader.swift */,
				ED4296A53A1E2C7E48D88C4C /* HotKeyManager.swift */,
				F076EA59373E5AF0467F7CE7 /* PasteService.swift */,
				C9BEEC1F1545233884C84891 /* SelectionService.swift */,
				D016E57FB2934597C170CF2E /* SensitiveDetector.swift */,
				287126468190BE4D2B77F2E1 /* SourceAppTracker.swift */,
				F35F14E774F181A5B9016AC5 /* StorageManager.swift */,
				426CC2527D0DB2F833569F52 /* AI */,
			);
			path = Services;
			sourceTree = "<group>";
		};
/* End PBXGroup section */

/* Begin PBXNativeTarget section */
		3BBB09F312B5CB24E7E43E19 /* ClippyManager */ = {
			isa = PBXNativeTarget;
			buildConfigurationList = 12030CE454D5A29C1483E9CE /* Build configuration list for PBXNativeTarget "ClippyManager" */;
			buildPhases = (
				657C158D34AB1A3EC195EF6B /* Sources */,
				7B857BE1A03C5CC4A619305D /* Resources */,
				A0CA2C56A1D2C6FF960FC5F3 /* Frameworks */,
			);
			buildRules = (
			);
			dependencies = (
			);
			name = ClippyManager;
			packageProductDependencies = (
			);
			productName = ClippyManager;
			productReference = 25D03798180281E5E50877C7 /* ClippyManager.app */;
			productType = "com.apple.product-type.application";
		};
/* End PBXNativeTarget section */

/* Begin PBXProject section */
		1D8DDF4D0732DE291D7DDC1A /* Project object */ = {
			isa = PBXProject;
			attributes = {
				BuildIndependentTargetsInParallel = YES;
				LastUpgradeCheck = 1430;
				TargetAttributes = {
					3BBB09F312B5CB24E7E43E19 = {
						ProvisioningStyle = Automatic;
					};
				};
			};
			buildConfigurationList = 762115FF63C852781681736B /* Build configuration list for PBXProject "ClippyManager" */;
			developmentRegion = en;
			hasScannedForEncodings = 0;
			knownRegions = (
				Base,
				en,
			);
			mainGroup = A1D80A2E389DEAE4B0714DD0;
			minimizedProjectReferenceProxies = 1;
			preferredProjectObjectVersion = 77;
			productRefGroup = B63C3B9123B68B80B05BF834 /* Products */;
			projectDirPath = "";
			projectRoot = "";
			targets = (
				3BBB09F312B5CB24E7E43E19 /* ClippyManager */,
			);
		};
/* End PBXProject section */

/* Begin PBXResourcesBuildPhase section */
		7B857BE1A03C5CC4A619305D /* Resources */ = {
			isa = PBXResourcesBuildPhase;
			buildActionMask = 2147483647;
			files = (
				A1E2F4CBDE2155682CE02687 /* Assets.xcassets in Resources */,
				5B4A25B7C005B4F4D725BA71 /* PrivacyInfo.xcprivacy in Resources */,
			);
			runOnlyForDeploymentPostprocessing = 0;
		};
/* End PBXResourcesBuildPhase section */

/* Begin PBXSourcesBuildPhase section */
		657C158D34AB1A3EC195EF6B /* Sources */ = {
			isa = PBXSourcesBuildPhase;
			buildActionMask = 2147483647;
			files = (
				645216C475B5D8CE55EE52F5 /* AIAction.swift in Sources */,
				174AADEBCD675DFA995A2532 /* AIActionCatalog.swift in Sources */,
				20D69FAB4630CB95BDD2D8F8 /* AIAvailability.swift in Sources */,
				CB816E5FA22A3EC8DE6D1311 /* AIEngine.swift in Sources */,
				EB84CE79910FC01D42F1F988 /* AIUnavailableView.swift in Sources */,
				C28EBE31277EEDECE62E6534 /* AIUsageTracker.swift in Sources */,
				8ACD2E254A53CEFBA5AC93CF /* ActionBarView.swift in Sources */,
				95699CBEF943C95880EBCFC6 /* ActionMenuView.swift in Sources */,
				8CAE01FDFDE514998E6ED863 /* AddCategorySheet.swift in Sources */,
				84E38099E84FD167B5D2CF21 /* AddPromptSheet.swift in Sources */,
				EE745FE071B4706E96821C0E /* AppDelegate.swift in Sources */,
				5D6E82DD833127074490547C /* BatchBarView.swift in Sources */,
				1F06A58942CB9CA04225F622 /* CardView.swift in Sources */,
				7613B9576A06E0C94A8B4540 /* Category.swift in Sources */,
				29F00CCC1E87E1C7C2D23BC7 /* CategoryTabsView.swift in Sources */,
				93D83EA31BAEFA75A3E60C09 /* ClipFilter.swift in Sources */,
				F1BC390E46593A0963033A12 /* ClipItem.swift in Sources */,
				AA2F7A9741EA9B4B9778BCE0 /* ClipItemType.swift in Sources */,
				4D6DEDFB2B057A0012761814 /* ClipboardMonitor.swift in Sources */,
				59A3DF5701C7A414C8D25B1F /* ContentClassifier.swift in Sources */,
				900D44A437EBC0508F635DEC /* CustomPrompt.swift in Sources */,
				E7BBADD588692CB5E450EF2D /* DetailPaneView.swift in Sources */,
				A9EEC7601BCCC747C413DEE6 /* DropIngestor.swift in Sources */,
				0DE7846A1D144D5E098E3A7F /* Extensions.swift in Sources */,
				B6CC199601E11ED0D686C5B6 /* FaviconLoader.swift in Sources */,
				BDC320E6FD7393662F0BA6D3 /* GeneratedOutputs.swift in Sources */,
				36481BB1EEA1CCF60BFB26E8 /* HotKeyManager.swift in Sources */,
				68053E97950C23D8606F11F3 /* LibraryView.swift in Sources */,
				30A75CBAAF5B50588DE1D80D /* NotchDropZone.swift in Sources */,
				373C2373EFAA936ED380D8CB /* NotchGlass.swift in Sources */,
				6954873DBDC9DD2B7FDC4716 /* NotchShape.swift in Sources */,
				A3564FD5C204E5AC6EC382E8 /* PaletteController.swift in Sources */,
				0F937A79BE9FA29700591F03 /* PaletteRowView.swift in Sources */,
				480FEB2A6AB26FF55BCF8A6E /* PastePalettePanel.swift in Sources */,
				2857139028AD5700E389BA3E /* PastePaletteView.swift in Sources */,
				0AC6C2B3CB327F09B06B1B00 /* PasteService.swift in Sources */,
				2072CB128ACC1EC58C7A49AD /* SearchBarView.swift in Sources */,
				F9727BAD3FCCA708279E7BDF /* SelectionService.swift in Sources */,
				E0D569392AF757DBA985751B /* SensitiveDetector.swift in Sources */,
				C9FA28B136C9525BCDA20FE6 /* SettingsView.swift in Sources */,
				6F5CC21C5C7E2D2FA2E64270 /* ShelfController.swift in Sources */,
				B81F9490A6B859EC5A0A0054 /* ShelfPanel.swift in Sources */,
				CDE6B43C3F1715D032C02B9A /* ShelfView.swift in Sources */,
				17F98FA97486C7AECFED45C1 /* SourceAppTracker.swift in Sources */,
				114DDC956B345CCE52CA7B4E /* StorageManager.swift in Sources */,
				7A3FE0E9D7406D4B6E32DE4A /* Theme.swift in Sources */,
				264EF1CA7D509E15DA1615C7 /* TransformPreviewView.swift in Sources */,
				3F639E210FB93EB57B430539 /* VisualEffectBackground.swift in Sources */,
				8AA29B4B4FBC562840503DA0 /* main.swift in Sources */,
			);
			runOnlyForDeploymentPostprocessing = 0;
		};
/* End PBXSourcesBuildPhase section */

/* Begin XCBuildConfiguration section */
		17E89911F50C988C21B3471F /* Release */ = {
			isa = XCBuildConfiguration;
			buildSettings = {
				ASSETCATALOG_COMPILER_APPICON_NAME = AppIcon;
				ASSETCATALOG_COMPILER_GLOBAL_ACCENT_COLOR_NAME = AccentColor;
				CODE_SIGN_ENTITLEMENTS = ClippyManager/ClippyManager.entitlements;
				CODE_SIGN_STYLE = Automatic;
				COMBINE_HIDPI_IMAGES = YES;
				CURRENT_PROJECT_VERSION = 6;
				DEVELOPMENT_TEAM = B94YMUM3W4;
				ENABLE_APP_SANDBOX = YES;
				ENABLE_HARDENED_RUNTIME = YES;
				GENERATE_INFOPLIST_FILE = NO;
				INFOPLIST_FILE = ClippyManager/Info.plist;
				LD_RUNPATH_SEARCH_PATHS = (
					"$(inherited)",
					"@executable_path/../Frameworks",
				);
				MACOSX_DEPLOYMENT_TARGET = 14.0;
				MARKETING_VERSION = 1.0.1;
				PRODUCT_BUNDLE_IDENTIFIER = com.giammy.clippymanager;
				SDKROOT = macosx;
				SWIFT_VERSION = 5;
			};
			name = Release;
		};
		3388025D9BCF5423C5672EF2 /* Debug */ = {
			isa = XCBuildConfiguration;
			buildSettings = {
				ALWAYS_SEARCH_USER_PATHS = NO;
				CLANG_ANALYZER_NONNULL = YES;
				CLANG_ANALYZER_NUMBER_OBJECT_CONVERSION = YES_AGGRESSIVE;
				CLANG_CXX_LANGUAGE_STANDARD = "gnu++14";
				CLANG_CXX_LIBRARY = "libc++";
				CLANG_ENABLE_MODULES = YES;
				CLANG_ENABLE_OBJC_ARC = YES;
				CLANG_ENABLE_OBJC_WEAK = YES;
				CLANG_WARN_BLOCK_CAPTURE_AUTORELEASING = YES;
				CLANG_WARN_BOOL_CONVERSION = YES;
				CLANG_WARN_COMMA = YES;
				CLANG_WARN_CONSTANT_CONVERSION = YES;
				CLANG_WARN_DEPRECATED_OBJC_IMPLEMENTATIONS = YES;
				CLANG_WARN_DIRECT_OBJC_ISA_USAGE = YES_ERROR;
				CLANG_WARN_DOCUMENTATION_COMMENTS = YES;
				CLANG_WARN_EMPTY_BODY = YES;
				CLANG_WARN_ENUM_CONVERSION = YES;
				CLANG_WARN_INFINITE_RECURSION = YES;
				CLANG_WARN_INT_CONVERSION = YES;
				CLANG_WARN_NON_LITERAL_NULL_CONVERSION = YES;
				CLANG_WARN_OBJC_IMPLICIT_RETAIN_SELF = YES;
				CLANG_WARN_OBJC_LITERAL_CONVERSION = YES;
				CLANG_WARN_OBJC_ROOT_CLASS = YES_ERROR;
				CLANG_WARN_QUOTED_INCLUDE_IN_FRAMEWORK_HEADER = YES;
				CLANG_WARN_RANGE_LOOP_ANALYSIS = YES;
				CLANG_WARN_STRICT_PROTOTYPES = YES;
				CLANG_WARN_SUSPICIOUS_MOVE = YES;
				CLANG_WARN_UNGUARDED_AVAILABILITY = YES_AGGRESSIVE;
				CLANG_WARN_UNREACHABLE_CODE = YES;
				CLANG_WARN__DUPLICATE_METHOD_MATCH = YES;
				COPY_PHASE_STRIP = NO;
				DEBUG_INFORMATION_FORMAT = dwarf;
				ENABLE_STRICT_OBJC_MSGSEND = YES;
				ENABLE_TESTABILITY = YES;
				GCC_C_LANGUAGE_STANDARD = gnu11;
				GCC_DYNAMIC_NO_PIC = NO;
				GCC_NO_COMMON_BLOCKS = YES;
				GCC_OPTIMIZATION_LEVEL = 0;
				GCC_PREPROCESSOR_DEFINITIONS = (
					"$(inherited)",
					"DEBUG=1",
				);
				GCC_WARN_64_TO_32_BIT_CONVERSION = YES;
				GCC_WARN_ABOUT_RETURN_TYPE = YES_ERROR;
				GCC_WARN_UNDECLARED_SELECTOR = YES;
				GCC_WARN_UNINITIALIZED_AUTOS = YES_AGGRESSIVE;
				GCC_WARN_UNUSED_FUNCTION = YES;
				GCC_WARN_UNUSED_VARIABLE = YES;
				MACOSX_DEPLOYMENT_TARGET = 14.0;
				MTL_ENABLE_DEBUG_INFO = INCLUDE_SOURCE;
				MTL_FAST_MATH = YES;
				ONLY_ACTIVE_ARCH = YES;
				PRODUCT_NAME = "$(TARGET_NAME)";
				SDKROOT = macosx;
				SWIFT_ACTIVE_COMPILATION_CONDITIONS = DEBUG;
				SWIFT_OPTIMIZATION_LEVEL = "-Onone";
				SWIFT_VERSION = 5.0;
			};
			name = Debug;
		};
		6BEC860BE695E9E6DCDE409F /* Debug */ = {
			isa = XCBuildConfiguration;
			buildSettings = {
				ASSETCATALOG_COMPILER_APPICON_NAME = AppIcon;
				ASSETCATALOG_COMPILER_GLOBAL_ACCENT_COLOR_NAME = AccentColor;
				CODE_SIGN_ENTITLEMENTS = ClippyManager/ClippyManager.entitlements;
				CODE_SIGN_STYLE = Automatic;
				COMBINE_HIDPI_IMAGES = YES;
				CURRENT_PROJECT_VERSION = 6;
				DEVELOPMENT_TEAM = B94YMUM3W4;
				ENABLE_APP_SANDBOX = YES;
				ENABLE_HARDENED_RUNTIME = YES;
				GENERATE_INFOPLIST_FILE = NO;
				INFOPLIST_FILE = ClippyManager/Info.plist;
				LD_RUNPATH_SEARCH_PATHS = (
					"$(inherited)",
					"@executable_path/../Frameworks",
				);
				MACOSX_DEPLOYMENT_TARGET = 14.0;
				MARKETING_VERSION = 1.0.1;
				PRODUCT_BUNDLE_IDENTIFIER = com.giammy.clippymanager;
				SDKROOT = macosx;
				SWIFT_VERSION = 5;
			};
			name = Debug;
		};
		A16F21DCC8B2D26647F8CCFB /* Release */ = {
			isa = XCBuildConfiguration;
			buildSettings = {
				ALWAYS_SEARCH_USER_PATHS = NO;
				CLANG_ANALYZER_NONNULL = YES;
				CLANG_ANALYZER_NUMBER_OBJECT_CONVERSION = YES_AGGRESSIVE;
				CLANG_CXX_LANGUAGE_STANDARD = "gnu++14";
				CLANG_CXX_LIBRARY = "libc++";
				CLANG_ENABLE_MODULES = YES;
				CLANG_ENABLE_OBJC_ARC = YES;
				CLANG_ENABLE_OBJC_WEAK = YES;
				CLANG_WARN_BLOCK_CAPTURE_AUTORELEASING = YES;
				CLANG_WARN_BOOL_CONVERSION = YES;
				CLANG_WARN_COMMA = YES;
				CLANG_WARN_CONSTANT_CONVERSION = YES;
				CLANG_WARN_DEPRECATED_OBJC_IMPLEMENTATIONS = YES;
				CLANG_WARN_DIRECT_OBJC_ISA_USAGE = YES_ERROR;
				CLANG_WARN_DOCUMENTATION_COMMENTS = YES;
				CLANG_WARN_EMPTY_BODY = YES;
				CLANG_WARN_ENUM_CONVERSION = YES;
				CLANG_WARN_INFINITE_RECURSION = YES;
				CLANG_WARN_INT_CONVERSION = YES;
				CLANG_WARN_NON_LITERAL_NULL_CONVERSION = YES;
				CLANG_WARN_OBJC_IMPLICIT_RETAIN_SELF = YES;
				CLANG_WARN_OBJC_LITERAL_CONVERSION = YES;
				CLANG_WARN_OBJC_ROOT_CLASS = YES_ERROR;
				CLANG_WARN_QUOTED_INCLUDE_IN_FRAMEWORK_HEADER = YES;
				CLANG_WARN_RANGE_LOOP_ANALYSIS = YES;
				CLANG_WARN_STRICT_PROTOTYPES = YES;
				CLANG_WARN_SUSPICIOUS_MOVE = YES;
				CLANG_WARN_UNGUARDED_AVAILABILITY = YES_AGGRESSIVE;
				CLANG_WARN_UNREACHABLE_CODE = YES;
				CLANG_WARN__DUPLICATE_METHOD_MATCH = YES;
				COPY_PHASE_STRIP = NO;
				DEBUG_INFORMATION_FORMAT = "dwarf-with-dsym";
				ENABLE_NS_ASSERTIONS = NO;
				ENABLE_STRICT_OBJC_MSGSEND = YES;
				GCC_C_LANGUAGE_STANDARD = gnu11;
				GCC_NO_COMMON_BLOCKS = YES;
				GCC_WARN_64_TO_32_BIT_CONVERSION = YES;
				GCC_WARN_ABOUT_RETURN_TYPE = YES_ERROR;
				GCC_WARN_UNDECLARED_SELECTOR = YES;
				GCC_WARN_UNINITIALIZED_AUTOS = YES_AGGRESSIVE;
				GCC_WARN_UNUSED_FUNCTION = YES;
				GCC_WARN_UNUSED_VARIABLE = YES;
				MACOSX_DEPLOYMENT_TARGET = 14.0;
				MTL_ENABLE_DEBUG_INFO = NO;
				MTL_FAST_MATH = YES;
				PRODUCT_NAME = "$(TARGET_NAME)";
				SDKROOT = macosx;
				SWIFT_COMPILATION_MODE = wholemodule;
				SWIFT_OPTIMIZATION_LEVEL = "-O";
				SWIFT_VERSION = 5.0;
			};
			name = Release;
		};
/* End XCBuildConfiguration section */

/* Begin XCConfigurationList section */
		12030CE454D5A29C1483E9CE /* Build configuration list for PBXNativeTarget "ClippyManager" */ = {
			isa = XCConfigurationList;
			buildConfigurations = (
				6BEC860BE695E9E6DCDE409F /* Debug */,
				17E89911F50C988C21B3471F /* Release */,
			);
			defaultConfigurationIsVisible = 0;
			defaultConfigurationName = Debug;
		};
		762115FF63C852781681736B /* Build configuration list for PBXProject "ClippyManager" */ = {
			isa = XCConfigurationList;
			buildConfigurations = (
				3388025D9BCF5423C5672EF2 /* Debug */,
				A16F21DCC8B2D26647F8CCFB /* Release */,
			);
			defaultConfigurationIsVisible = 0;
			defaultConfigurationName = Debug;
		};
/* End XCConfigurationList section */
	};
	rootObject = 1D8DDF4D0732DE291D7DDC1A /* Project object */;
}
